
Microsoft Visual Studio Solution File, Format Version 12.00
# Visual Studio Version 17
VisualStudioVersion = 17.14.36511.14
MinimumVisualStudioVersion = 10.0.40219.1
Project("{2150E333-8FDC-42A3-9474-1A3956D46DE8}") = "Task0", "Task0", "{02EA681E-C7D8-13C7-8484-4AC65E1B71E8}"
EndProject
Project("{FAE04EC0-301F-11D3-BF4B-00C04F79EFBC}") = "Tyuiu.AytuvarovTK.Sprint5.Task0.V13", "Tyuiu.AytuvarovTK.Sprint5.Task0.V13\Tyuiu.AytuvarovTK.Sprint5.Task0.V13.csproj", "{1A636A11-C44A-4230-80E0-7F084245F47C}"
EndProject
Project("{FAE04EC0-301F-11D3-BF4B-00C04F79EFBC}") = "Tyuiu.AytuvarovTK.Sprint5.Task0.V13.Lib", "Tyuiu.AytuvarovTK.Sprint5.Task0.V13.Lib\Tyuiu.AytuvarovTK.Sprint5.Task0.V13.Lib.csproj", "{9324B000-278C-422D-BCCB-44855B59752F}"
EndProject
Project("{FAE04EC0-301F-11D3-BF4B-00C04F79EFBC}") = "Tyuiu.AytuvarovTK.Sprint5.Task0.V13.Test", "Tyuiu.AytuvarovTK.Sprint5.Task0.V13.Test\Tyuiu.AytuvarovTK.Sprint5.Task0.V13.Test.csproj", "{EC240AC5-F517-494A-AD1B-2CA38FD51A4F}"
EndProject
Project("{2150E333-8FDC-42A3-9474-1A3956D46DE8}") = "Task1", "Task1", "{C9BB528F-7B2D-4A7B-A1DC-97AC97A0B848}"
EndProject
Project("{FAE04EC0-301F-11D3-BF4B-00C04F79EFBC}") = "Tyuiu.AytuvarovTK.Sprint5.Task1.V4", "Tyuiu.AytuvarovTK.Sprint5.Task1.V4\Tyuiu.AytuvarovTK.Sprint5.Task1.V4.csproj", "{73F45FAC-2DB3-466C-A1C1-25EAE7761026}"
EndProject
Project("{FAE04EC0-301F-11D3-BF4B-00C04F79EFBC}") = "Tyuiu.AytuvarovTK.Sprint5.Task1.V4.Lib", "Tyuiu.AytuvarovTK.Sprint5.Task1.V4.Lib\Tyuiu.AytuvarovTK.Sprint5.Task1.V4.Lib.csproj", "{713570EA-F22C-48D1-A3B1-65B027486CD5}"
EndProject
Project("{FAE04EC0-301F-11D3-BF4B-00C04F79EFBC}") = "Tyuiu.AytuvarovTK.Sprint5.Task1.V4.Test", "Tyuiu.AytuvarovTK.Sprint5.Task1.V4.Test\Tyuiu.AytuvarovTK.Sprint5.Task1.V4.Test.csproj", "{1D89D444-4525-48DB-B925-943C42BC22D9}"
EndProject
Global
	GlobalSection(SolutionConfigurationPlatforms) = preSolution
		Debug|Any CPU = Debug|Any CPU
		Release|Any CPU = Release|Any CPU
	EndGlobalSection
	GlobalSection(ProjectConfigurationPlatforms) = postSolution
		{1A636A11-C44A-4230-80E0-7F084245F47C}.Debug|Any CPU.ActiveCfg = Debug|Any CPU
		{1A636A11-C44A-4230-80E0-7F084245F47C}.Debug|Any CPU.Build.0 = Debug|Any CPU
		{1A636A11-C44A-4230-80E0-7F084245F47C}.Release|Any CPU.ActiveCfg = Release|Any CPU
		{1A636A11-C44A-4230-80E0-7F084245F47C}.Release|Any CPU.Build.0 = Release|Any CPU
		{9324B000-278C-422D-BCCB-44855B59752F}.Debug|Any CPU.ActiveCfg = Debug|Any CPU
		{9324B000-278C-422D-BCCB-44855B59752F}.Debug|Any CPU.Build.0 = Debug|Any CPU
		{9324B000-278C-422D-BCCB-44855B59752F}.Release|Any CPU.ActiveCfg = Release|Any CPU
		{9324B000-278C-422D-BCCB-44855B59752F}.Release|Any CPU.Build.0 = Release|Any CPU
		{EC240AC5-F517-494A-AD1B-2CA38FD51A4F}.Debug|Any CPU.ActiveCfg = Debug|Any CPU
		{EC240AC5-F517-494A-AD1B-2CA38FD51A4F}.Debug|Any CPU.Build.0 = Debug|Any CPU
		{EC240AC5-F517-494A-AD1B-2CA38FD51A4F}.Release|Any CPU.ActiveCfg = Release|Any CPU
		{EC240AC5-F517-494A-AD1B-2CA38FD51A4F}.Release|Any CPU.Build.0 = Release|Any CPU
		{73F45FAC-2DB3-466C-A1C1-25EAE7761026}.Debug|Any CPU.ActiveCfg = Debug|Any CPU
		{73F45FAC-2DB3-466C-A1C1-25EAE7761026}.Debug|Any CPU.Build.0 = Debug|Any CPU
		{73F45FAC-2DB3-466C-A1C1-25EAE7761026}.Release|Any CPU.ActiveCfg = Release|Any CPU
		{73F45FAC-2DB3-466C-A1C1-25EAE7761026}.Release|Any CPU.Build.0 = Release|Any CPU
		{713570EA-F22C-48D1-A3B1-65B027486CD5}.Debug|Any CPU.ActiveCfg = Debug|Any CPU
		{713570EA-F22C-48D1-A3B1-65B027486CD5}.Debug|Any CPU.Build.0 = Debug|Any CPU
		{713570EA-F22C-48D1-A3B1-65B027486CD5}.Release|Any CPU.ActiveCfg = Release|Any CPU
		{713570EA-F22C-48D1-A3B1-65B027486CD5}.Release|Any CPU.Build.0 = Release|Any CPU
		{1D89D444-4525-48DB-B925-943C42BC22D9}.Debug|Any CPU.ActiveCfg = Debug|Any CPU
		{1D89D444-4525-48DB-B925-943C42BC22D9}.Debug|Any CPU.Build.0 = Debug|Any CPU
		{1D89D444-4525-48DB-B925-943C42BC22D9}.Release|Any CPU.ActiveCfg = Release|Any CPU
		{1D89D444-4525-48DB-B925-943C42BC22D9}.Release|Any CPU.Build.0 = Release|Any CPU
	EndGlobalSection
	GlobalSection(SolutionProperties) = preSolution
		HideSolutionNode = FALSE
	EndGlobalSection
	GlobalSection(NestedProjects) = preSolution
		{1A636A11-C44A-4230-80E0-7F084245F47C} = {02EA681E-C7D8-13C7-8484-4AC65E1B71E8}
		{9324B000-278C-422D-BCCB-44855B59752F} = {02EA681E-C7D8-13C7-8484-4AC65E1B71E8}
		{EC240AC5-F517-494A-AD1B-2CA38FD51A4F} = {02EA681E-C7D8-13C7-8484-4AC65E1B71E8}
		{73F45FAC-2DB3-466C-A1C1-25EAE7761026} = {C9BB528F-7B2D-4A7B-A1DC-97AC97A0B848}
		{713570EA-F22C-48D1-A3B1-65B027486CD5} = {C9BB528F-7B2D-4A7B-A1DC-97AC97A0B848}
		{1D89D444-4525-48DB-B925-943C42BC22D9} = {C9BB528F-7B2D-4A7B-A1DC-97AC97A0B848}
	EndGlobalSection
	GlobalSection(ExtensibilityGlobals) = postSolution
		SolutionGuid = {628BCB5E-16A9-4BBC-9E38-A44792C2BF74}
	EndGlobalSection
EndGlobal
